// !$*UTF8*$!
{
	archiveVersion = 1;
	classes = {
	};
	objectVersion = 46;
	objects = {

/* Begin PBXBuildFile section */
		E7C65D051CE0AC6E00BEF0C1 /* AppDelegate.swift in Sources */ = {isa = PBXBuildFile; fileRef = E7C65D041CE0AC6E00BEF0C1 /* AppDelegate.swift */; };
		E7C65D071CE0AC6E00BEF0C1 /* ViewController.swift in Sources */ = {isa = PBXBuildFile; fileRef = E7C65D061CE0AC6E00BEF0C1 /* ViewController.swift */; };
		E7C65D0A1CE0AC6E00BEF0C1 /* Main.storyboard in Resources */ = {isa = PBXBuildFile; fileRef = E7C65D081CE0AC6E00BEF0C1 /* Main.storyboard */; };
		E7C65D0C1CE0AC6E00BEF0C1 /* Assets.xcassets in Resources */ = {isa = PBXBuildFile; fileRef = E7C65D0B1CE0AC6E00BEF0C1 /* Assets.xcassets */; };
		E7C65D0F1CE0AC6E00BEF0C1 /* LaunchScreen.storyboard in Resources */ = {isa = PBXBuildFile; fileRef = E7C65D0D1CE0AC6E00BEF0C1 /* LaunchScreen.storyboard */; };
/* End PBXBuildFile section */

/* Begin PBXFileReference section */
		E7C65D011CE0AC6E00BEF0C1 /* MySearchApp.app */ = {isa = PBXFileReference; explicitFileType = wrapper.application; includeInIndex = 0; path = MySearchApp.app; sourceTree = BUILT_PRODUCTS_DIR; };
		E7C65D041CE0AC6E00BEF0C1 /* AppDelegate.swift */ = {isa = PBXFileReference; lastKnownFileType = sourcecode.swift; path = AppDelegate.swift; sourceTree = "<group>"; };
		E7C65D061CE0AC6E00BEF0C1 /* ViewController.swift */ = {isa = PBXFileReference; lastKnownFileType = sourcecode.swift; path = ViewController.swift; sourceTree = "<group>"; };
		E7C65D091CE0AC6E00BEF0C1 /* Base */ = {isa = PBXFileReference; lastKnownFileType = file.storyboard; name = Base; path = Base.lproj/Main.storyboard; sourceTree = "<group>"; };
		E7C65D0B1CE0AC6E00BEF0C1 /* Assets.xcassets */ = {isa = PBXFileReference; lastKnownFileType = folder.assetcatalog; path = Assets.xcassets; sourceTree = "<group>"; };
		E7C65D0E1CE0AC6E00BEF0C1 /* Base */ = {isa = PBXFileReference; lastKnownFileType = file.storyboard; name = Base; path = Base.lproj/LaunchScreen.storyboard; sourceTree = "<group>"; };
		E7C65D101CE0AC6E00BEF0C1 /* Info.plist */ = {isa = PBXFileReference; lastKnownFileType = text.plist.xml; path = Info.plist; sourceTree = "<group>"; };
/* End PBXFileReference section */

/* Begin PBXFrameworksBuildPhase section */
		E7C65CFE1CE0AC6E00BEF0C1 /* Frameworks */ = {
			isa = PBXFrameworksBuildPhase;
			buildActionMask = 2147483647;
			files = (
			);
			runOnlyForDeploymentPostprocessing = 0;
		};
/* End PBXFrameworksBuildPhase section */

/* Begin PBXGroup section */
		E7C65CF81CE0AC6E00BEF0C1 = {
			isa = PBXGroup;
			children = (
				E7C65D031CE0AC6E00BEF0C1 /* MySearchApp */,
				E7C65D021CE0AC6E00BEF0C1 /* Products */,
			);
			sourceTree = "<group>";
		};
		E7C65D021CE0AC6E00BEF0C1 /* Products */ = {
			isa = PBXGroup;
			children = (
				E7C65D011CE0AC6E00BEF0C1 /* MySearchApp.app */,
			);
			name = Products;
			sourceTree = "<group>";
		};
		E7C65D031CE0AC6E00BEF0C1 /* MySearchApp */ = {
			isa = PBXGroup;
			children = (
				E7C65D041CE0AC6E00BEF0C1 /* AppDelegate.swift */,
				E7C65D061CE0AC6E00BEF0C1 /* ViewController.swift */,
				E7C65D081CE0AC6E00BEF0C1 /* Main.storyboard */,
				E7C65D0B1CE0AC6E00BEF0C1 /* Assets.xcassets */,
				E7C65D0D1CE0AC6E00BEF0C1 /* LaunchScreen.storyboard */,
				E7C65D101CE0AC6E00BEF0C1 /* Info.plist */,
			);
			path = MySearchApp;
			sourceTree = "<group>";
		};
/* End PBXGroup section */

/* Begin PBXNativeTarget section */
		E7C65D001CE0AC6E00BEF0C1 /* MySearchApp */ = {
			isa = PBXNativeTarget;
			buildConfigurationList = E7C65D131CE0AC6E00BEF0C1 /* Build configuration list for PBXNativeTarget "MySearchApp" */;
			buildPhases = (
				E7C65CFD1CE0AC6E00BEF0C1 /* Sources */,
				E7C65CFE1CE0AC6E00BEF0C1 /* Frameworks */,
				E7C65CFF1CE0AC6E00BEF0C1 /* Resources */,
			);
			buildRules = (
			);
			dependencies = (
			);
			name = MySearchApp;
			productName = MySearchApp;
			productReference = E7C65D011CE0AC6E00BEF0C1 /* MySearchApp.app */;
			productType = "com.apple.product-type.application";
		};
/* End PBXNativeTarget section */

/* Begin PBXProject section */
		E7C65CF91CE0AC6E00BEF0C1 /* Project object */ = {
			isa = PBXProject;
			attributes = {
				LastSwiftUpdateCheck = 0730;
				LastUpgradeCheck = 0730;
				ORGANIZATIONNAME = yujiikebata;
				TargetAttributes = {
					E7C65D001CE0AC6E00BEF0C1 = {
						CreatedOnToolsVersion = 7.3.1;
						DevelopmentTeam = 6YS8A7DUQR;
					};
				};
			};
			buildConfigurationList = E7C65CFC1CE0AC6E00BEF0C1 /* Build configuration list for PBXProject "MySearchApp" */;
			compatibilityVersion = "Xcode 3.2";
			developmentRegion = English;
			hasScannedForEncodings = 0;
			knownRegions = (
				en,
				Base,
			);
			mainGroup = E7C65CF81CE0AC6E00BEF0C1;
			productRefGroup = E7C65D021CE0AC6E00BEF0C1 /* Products */;
			projectDirPath = "";
			projectRoot = "";
			targets = (
				E7C65D001CE0AC6E00BEF0C1 /* MySearchApp */,
			);
		};
/* End PBXProject section */

/* Begin PBXResourcesBuildPhase section */
		E7C65CFF1CE0AC6E00BEF0C1 /* Resources */ = {
			isa = PBXResourcesBuildPhase;
			buildActionMask = 2147483647;
			files = (
				E7C65D0F1CE0AC6E00BEF0C1 /* LaunchScreen.storyboard in Resources */,
				E7C65D0C1CE0AC6E00BEF0C1 /* Assets.xcassets in Resources */,
				E7C65D0A1CE0AC6E00BEF0C1 /* Main.storyboard in Resources */,
			);
			runOnlyForDeploymentPostprocessing = 0;
		};
/* End PBXResourcesBuildPhase section */

/* Begin PBXSourcesBuildPhase section */
		E7C65CFD1CE0AC6E00BEF0C1 /* Sources */ = {
			isa = PBXSourcesBuildPhase;
			buildActionMask = 2147483647;
			files = (
				E7C65D071CE0AC6E00BEF0C1 /* ViewController.swift in Sources */,
				E7C65D051CE0AC6E00BEF0C1 /* AppDelegate.swift in Sources */,
			);
			runOnlyForDeploymentPostprocessing = 0;
		};
/* End PBXSourcesBuildPhase section */

/* Begin PBXVariantGroup section */
		E7C65D081CE0AC6E00BEF0C1 /* Main.storyboard */ = {
			isa = PBXVariantGroup;
			children = (
				E7C65D091CE0AC6E00BEF0C1 /* Base */,
			);
			name = Main.storyboard;
			sourceTree = "<group>";
		};
		E7C65D0D1CE0AC6E00BEF0C1 /* LaunchScreen.storyboard */ = {
			isa = PBXVariantGroup;
			children = (
				E7C65D0E1CE0AC6E00BEF0C1 /* Base */,
			);
			name = LaunchScreen.storyboard;
			sourceTree = "<group>";
		};
/* End PBXVariantGroup section */

/* Begin XCBuildConfiguration section */
		E7C65D111CE0AC6E00BEF0C1 /* Debug */ = {
			isa = XCBuildConfiguration;
			buildSettings = {
				ALWAYS_SEARCH_USER_PATHS = NO;
				CLANG_ANALYZER_NONNULL = YES;
				CLANG_CXX_LANGUAGE_STANDARD = "gnu++0x";
				CLANG_CXX_LIBRARY = "libc++";
				CLANG_ENABLE_MODULES = YES;
				CLANG_ENABLE_OBJC_ARC = YES;
				CLANG_WARN_BOOL_CONVERSION = YES;
				CLANG_WARN_CONSTANT_CONVERSION = YES;
				CLANG_WARN_DIRECT_OBJC_ISA_USAGE = YES_ERROR;
				CLANG_WARN_EMPTY_BODY = YES;
				CLANG_WARN_ENUM_CONVERSION = YES;
				CLANG_WARN_INT_CONVERSION = YES;
				CLANG_WARN_OBJC_ROOT_CLASS = YES_ERROR;
				CLANG_WARN_UNREACHABLE_CODE = YES;
				CLANG_WARN__DUPLICATE_METHOD_MATCH = YES;
				"CODE_SIGN_IDENTITY[sdk=iphoneos*]" = "iPhone Developer";
				COPY_PHASE_STRIP = NO;
				DEBUG_INFORMATION_FORMAT = dwarf;
				ENABLE_STRICT_OBJC_MSGSEND = YES;
				ENABLE_TESTABILITY = YES;
				GCC_C_LANGUAGE_STANDARD = gnu99;
				GCC_DYNAMIC_NO_PIC = NO;
				GCC_NO_COMMON_BLOCKS = YES;
				GCC_OPTIMIZATION_LEVEL = 0;
				GCC_PREPROCESSOR_DEFINITIONS = (
					"DEBUG=1",
					"$(inherited)",
				);
				GCC_WARN_64_TO_32_BIT_CONVERSION = YES;
				GCC_WARN_ABOUT_RETURN_TYPE = YES_ERROR;
				GCC_WARN_UNDECLARED_SELECTOR = YES;
				GCC_WARN_UNINITIALIZED_AUTOS = YES_AGGRESSIVE;
				GCC_WARN_UNUSED_FUNCTION = YES;
				GCC_WARN_UNUSED_VARIABLE = YES;
				IPHONEOS_DEPLOYMENT_TARGET = 9.3;
				MTL_ENABLE_DEBUG_INFO = YES;
				ONLY_ACTIVE_ARCH = YES;
				SDKROOT = iphoneos;
				SWIFT_OPTIMIZATION_LEVEL = "-Onone";
				TARGETED_DEVICE_FAMILY = "1,2";
			};
			name = Debug;
		};
		E7C65D121CE0AC6E00BEF0C1 /* Release */ = {
			isa = XCBuildConfiguration;
			buildSettings = {
				ALWAYS_SEARCH_USER_PATHS = NO;
				CLANG_ANALYZER_NONNULL = YES;
				CLANG_CXX_LANGUAGE_STANDARD = "gnu++0x";
				CLANG_CXX_LIBRARY = "libc++";
				CLANG_ENABLE_MODULES = YES;
				CLANG_ENABLE_OBJC_ARC = YES;
				CLANG_WARN_BOOL_CONVERSION = YES;
				CLANG_WARN_CONSTANT_CONVERSION = YES;
				CLANG_WARN_DIRECT_OBJC_ISA_USAGE = YES_ERROR;
				CLANG_WARN_EMPTY_BODY = YES;
				CLANG_WARN_ENUM_CONVERSION = YES;
				CLANG_WARN_INT_CONVERSION = YES;
				CLANG_WARN_OBJC_ROOT_CLASS = YES_ERROR;
				CLANG_WARN_UNREACHABLE_CODE = YES;
				CLANG_WARN__DUPLICATE_METHOD_MATCH = YES;
				"CODE_SIGN_IDENTITY[sdk=iphoneos*]" = "iPhone Developer";
				COPY_PHASE_STRIP = NO;
				DEBUG_INFORMATION_FORMAT = "dwarf-with-dsym";
				ENABLE_NS_ASSERTIONS = NO;
				ENABLE_STRICT_OBJC_MSGSEND = YES;
				GCC_C_LANGUAGE_STANDARD = gnu99;
				GCC_NO_COMMON_BLOCKS = YES;
				GCC_WARN_64_TO_32_BIT_CONVERSION = YES;
				GCC_WARN_ABOUT_RETURN_TYPE = YES_ERROR;
				GCC_WARN_UNDECLARED_SELECTOR = YES;
				GCC_WARN_UNINITIALIZED_AUTOS = YES_AGGRESSIVE;
				GCC_WARN_UNUSED_FUNCTION = YES;
				GCC_WARN_UNUSED_VARIABLE = YES;
				IPHONEOS_DEPLOYMENT_TARGET = 9.3;
				MTL_ENABLE_DEBUG_INFO = NO;
				SDKROOT = iphoneos;
				TARGETED_DEVICE_FAMILY = "1,2";
				VALIDATE_PRODUCT = YES;
			};
			name = Release;
		};
		E7C65D141CE0AC6E00BEF0C1 /* Debug */ = {
			isa = XCBuildConfiguration;
			buildSettings = {
				ASSETCATALOG_COMPILER_APPICON_NAME = AppIcon;
				INFOPLIST_FILE = MySearchApp/Info.plist;
				LD_RUNPATH_SEARCH_PATHS = "$(inherited) @executable_path/Frameworks";
				PRODUCT_BUNDLE_IDENTIFIER = com.yujiikebata.MySearchApp;
				PRODUCT_NAME = "$(TARGET_NAME)";
			};
			name = Debug;
		};
		E7C65D151CE0AC6E00BEF0C1 /* Release */ = {
			isa = XCBuildConfiguration;
			buildSettings = {
				ASSETCATALOG_COMPILER_APPICON_NAME = AppIcon;
				INFOPLIST_FILE = MySearchApp/Info.plist;
				LD_RUNPATH_SEARCH_PATHS = "$(inherited) @executable_path/Frameworks";
				PRODUCT_BUNDLE_IDENTIFIER = com.yujiikebata.MySearchApp;
				PRODUCT_NAME = "$(TARGET_NAME)";
			};
			name = Release;
		};
/* End XCBuildConfiguration section */

/* Begin XCConfigurationList section */
		E7C65CFC1CE0AC6E00BEF0C1 /* Build configuration list for PBXProject "MySearchApp" */ = {
			isa = XCConfigurationList;
			buildConfigurations = (
				E7C65D111CE0AC6E00BEF0C1 /* Debug */,
				E7C65D121CE0AC6E00BEF0C1 /* Release */,
			);
			defaultConfigurationIsVisible = 0;
			defaultConfigurationName = Release;
		};
		E7C65D131CE0AC6E00BEF0C1 /* Build configuration list for PBXNativeTarget "MySearchApp" */ = {
			isa = XCConfigurationList;
			buildConfigurations = (
				E7C65D141CE0AC6E00BEF0C1 /* Debug */,
				E7C65D151CE0AC6E00BEF0C1 /* Release */,
			);
			defaultConfigurationIsVisible = 0;
		};
/* End XCConfigurationList section */
	};
	rootObject = E7C65CF91CE0AC6E00BEF0C1 /* Project object */;
}
