// !$*UTF8*$!
{
	archiveVersion = 1;
	classes = {
	};
	objectVersion = 46;
	objects = {

/* Begin PBXBuildFile section */
		E78E39C31CAE952200CF5B51 /* AppDelegate.swift in Sources */ = {isa = PBXBuildFile; fileRef = E78E39C21CAE952200CF5B51 /* AppDelegate.swift */; };
		E78E39C51CAE952200CF5B51 /* ViewController.swift in Sources */ = {isa = PBXBuildFile; fileRef = E78E39C41CAE952200CF5B51 /* ViewController.swift */; };
		E78E39C81CAE952200CF5B51 /* Main.storyboard in Resources */ = {isa = PBXBuildFile; fileRef = E78E39C61CAE952200CF5B51 /* Main.storyboard */; };
		E78E39CA1CAE952200CF5B51 /* Assets.xcassets in Resources */ = {isa = PBXBuildFile; fileRef = E78E39C91CAE952200CF5B51 /* Assets.xcassets */; };
		E78E39CD1CAE952200CF5B51 /* LaunchScreen.storyboard in Resources */ = {isa = PBXBuildFile; fileRef = E78E39CB1CAE952200CF5B51 /* LaunchScreen.storyboard */; };
		E78E39D51CAF3BD300CF5B51 /* PercentViewController.swift in Sources */ = {isa = PBXBuildFile; fileRef = E78E39D41CAF3BD300CF5B51 /* PercentViewController.swift */; };
		E78E39D71CAF408600CF5B51 /* ResultViewController.swift in Sources */ = {isa = PBXBuildFile; fileRef = E78E39D61CAF408600CF5B51 /* ResultViewController.swift */; };
/* End PBXBuildFile section */

/* Begin PBXFileReference section */
		E78E39BF1CAE952200CF5B51 /* MyCalc.app */ = {isa = PBXFileReference; explicitFileType = wrapper.application; includeInIndex = 0; path = MyCalc.app; sourceTree = BUILT_PRODUCTS_DIR; };
		E78E39C21CAE952200CF5B51 /* AppDelegate.swift */ = {isa = PBXFileReference; lastKnownFileType = sourcecode.swift; path = AppDelegate.swift; sourceTree = "<group>"; };
		E78E39C41CAE952200CF5B51 /* ViewController.swift */ = {isa = PBXFileReference; lastKnownFileType = sourcecode.swift; path = ViewController.swift; sourceTree = "<group>"; };
		E78E39C71CAE952200CF5B51 /* Base */ = {isa = PBXFileReference; lastKnownFileType = file.storyboard; name = Base; path = Base.lproj/Main.storyboard; sourceTree = "<group>"; };
		E78E39C91CAE952200CF5B51 /* Assets.xcassets */ = {isa = PBXFileReference; lastKnownFileType = folder.assetcatalog; path = Assets.xcassets; sourceTree = "<group>"; };
		E78E39CC1CAE952200CF5B51 /* Base */ = {isa = PBXFileReference; lastKnownFileType = file.storyboard; name = Base; path = Base.lproj/LaunchScreen.storyboard; sourceTree = "<group>"; };
		E78E39CE1CAE952200CF5B51 /* Info.plist */ = {isa = PBXFileReference; lastKnownFileType = text.plist.xml; path = Info.plist; sourceTree = "<group>"; };
		E78E39D41CAF3BD300CF5B51 /* PercentViewController.swift */ = {isa = PBXFileReference; fileEncoding = 4; lastKnownFileType = sourcecode.swift; path = PercentViewController.swift; sourceTree = "<group>"; };
		E78E39D61CAF408600CF5B51 /* ResultViewController.swift */ = {isa = PBXFileReference; fileEncoding = 4; lastKnownFileType = sourcecode.swift; path = ResultViewController.swift; sourceTree = "<group>"; };
/* End PBXFileReference section */

/* Begin PBXFrameworksBuildPhase section */
		E78E39BC1CAE952200CF5B51 /* Frameworks */ = {
			isa = PBXFrameworksBuildPhase;
			buildActionMask = 2147483647;
			files = (
			);
			runOnlyForDeploymentPostprocessing = 0;
		};
/* End PBXFrameworksBuildPhase section */

/* Begin PBXGroup section */
		E78E39B61CAE952200CF5B51 = {
			isa = PBXGroup;
			children = (
				E78E39C11CAE952200CF5B51 /* MyCalc */,
				E78E39C01CAE952200CF5B51 /* Products */,
			);
			sourceTree = "<group>";
		};
		E78E39C01CAE952200CF5B51 /* Products */ = {
			isa = PBXGroup;
			children = (
				E78E39BF1CAE952200CF5B51 /* MyCalc.app */,
			);
			name = Products;
			sourceTree = "<group>";
		};
		E78E39C11CAE952200CF5B51 /* MyCalc */ = {
			isa = PBXGroup;
			children = (
				E78E39C21CAE952200CF5B51 /* AppDelegate.swift */,
				E78E39C41CAE952200CF5B51 /* ViewController.swift */,
				E78E39D41CAF3BD300CF5B51 /* PercentViewController.swift */,
				E78E39D61CAF408600CF5B51 /* ResultViewController.swift */,
				E78E39C61CAE952200CF5B51 /* Main.storyboard */,
				E78E39C91CAE952200CF5B51 /* Assets.xcassets */,
				E78E39CB1CAE952200CF5B51 /* LaunchScreen.storyboard */,
				E78E39CE1CAE952200CF5B51 /* Info.plist */,
			);
			path = MyCalc;
			sourceTree = "<group>";
		};
/* End PBXGroup section */

/* Begin PBXNativeTarget section */
		E78E39BE1CAE952200CF5B51 /* MyCalc */ = {
			isa = PBXNativeTarget;
			buildConfigurationList = E78E39D11CAE952200CF5B51 /* Build configuration list for PBXNativeTarget "MyCalc" */;
			buildPhases = (
				E78E39BB1CAE952200CF5B51 /* Sources */,
				E78E39BC1CAE952200CF5B51 /* Frameworks */,
				E78E39BD1CAE952200CF5B51 /* Resources */,
			);
			buildRules = (
			);
			dependencies = (
			);
			name = MyCalc;
			productName = MyCalc;
			productReference = E78E39BF1CAE952200CF5B51 /* MyCalc.app */;
			productType = "com.apple.product-type.application";
		};
/* End PBXNativeTarget section */

/* Begin PBXProject section */
		E78E39B71CAE952200CF5B51 /* Project object */ = {
			isa = PBXProject;
			attributes = {
				LastSwiftUpdateCheck = 0730;
				LastUpgradeCheck = 0730;
				ORGANIZATIONNAME = yujiikebata;
				TargetAttributes = {
					E78E39BE1CAE952200CF5B51 = {
						CreatedOnToolsVersion = 7.3;
						DevelopmentTeam = 6YS8A7DUQR;
					};
				};
			};
			buildConfigurationList = E78E39BA1CAE952200CF5B51 /* Build configuration list for PBXProject "MyCalc" */;
			compatibilityVersion = "Xcode 3.2";
			developmentRegion = English;
			hasScannedForEncodings = 0;
			knownRegions = (
				en,
				Base,
			);
			mainGroup = E78E39B61CAE952200CF5B51;
			productRefGroup = E78E39C01CAE952200CF5B51 /* Products */;
			projectDirPath = "";
			projectRoot = "";
			targets = (
				E78E39BE1CAE952200CF5B51 /* MyCalc */,
			);
		};
/* End PBXProject section */

/* Begin PBXResourcesBuildPhase section */
		E78E39BD1CAE952200CF5B51 /* Resources */ = {
			isa = PBXResourcesBuildPhase;
			buildActionMask = 2147483647;
			files = (
				E78E39CD1CAE952200CF5B51 /* LaunchScreen.storyboard in Resources */,
				E78E39CA1CAE952200CF5B51 /* Assets.xcassets in Resources */,
				E78E39C81CAE952200CF5B51 /* Main.storyboard in Resources */,
			);
			runOnlyForDeploymentPostprocessing = 0;
		};
/* End PBXResourcesBuildPhase section */

/* Begin PBXSourcesBuildPhase section */
		E78E39BB1CAE952200CF5B51 /* Sources */ = {
			isa = PBXSourcesBuildPhase;
			buildActionMask = 2147483647;
			files = (
				E78E39C51CAE952200CF5B51 /* ViewController.swift in Sources */,
				E78E39C31CAE952200CF5B51 /* AppDelegate.swift in Sources */,
				E78E39D51CAF3BD300CF5B51 /* PercentViewController.swift in Sources */,
				E78E39D71CAF408600CF5B51 /* ResultViewController.swift in Sources */,
			);
			runOnlyForDeploymentPostprocessing = 0;
		};
/* End PBXSourcesBuildPhase section */

/* Begin PBXVariantGroup section */
		E78E39C61CAE952200CF5B51 /* Main.storyboard */ = {
			isa = PBXVariantGroup;
			children = (
				E78E39C71CAE952200CF5B51 /* Base */,
			);
			name = Main.storyboard;
			sourceTree = "<group>";
		};
		E78E39CB1CAE952200CF5B51 /* LaunchScreen.storyboard */ = {
			isa = PBXVariantGroup;
			children = (
				E78E39CC1CAE952200CF5B51 /* Base */,
			);
			name = LaunchScreen.storyboard;
			sourceTree = "<group>";
		};
/* End PBXVariantGroup section */

/* Begin XCBuildConfiguration section */
		E78E39CF1CAE952200CF5B51 /* Debug */ = {
			isa = XCBuildConfiguration;
			buildSettings = {
				ALWAYS_SEARCH_USER_PATHS = NO;
				CLANG_ANALYZER_NONNULL = YES;
				CLANG_CXX_LANGUAGE_STANDARD = "gnu++0x";
				CLANG_CXX_LIBRARY = "libc++";
				CLANG_ENABLE_MODULES = YES;
				CLANG_ENABLE_OBJC_ARC = YES;
				CLANG_WARN_BOOL_CONVERSION = YES;
				CLANG_WARN_CONSTANT_CONVERSION = YES;
				CLANG_WARN_DIRECT_OBJC_ISA_USAGE = YES_ERROR;
				CLANG_WARN_EMPTY_BODY = YES;
				CLANG_WARN_ENUM_CONVERSION = YES;
				CLANG_WARN_INT_CONVERSION = YES;
				CLANG_WARN_OBJC_ROOT_CLASS = YES_ERROR;
				CLANG_WARN_UNREACHABLE_CODE = YES;
				CLANG_WARN__DUPLICATE_METHOD_MATCH = YES;
				"CODE_SIGN_IDENTITY[sdk=iphoneos*]" = "iPhone Developer";
				COPY_PHASE_STRIP = NO;
				DEBUG_INFORMATION_FORMAT = dwarf;
				ENABLE_STRICT_OBJC_MSGSEND = YES;
				ENABLE_TESTABILITY = YES;
				GCC_C_LANGUAGE_STANDARD = gnu99;
				GCC_DYNAMIC_NO_PIC = NO;
				GCC_NO_COMMON_BLOCKS = YES;
				GCC_OPTIMIZATION_LEVEL = 0;
				GCC_PREPROCESSOR_DEFINITIONS = (
					"DEBUG=1",
					"$(inherited)",
				);
				GCC_WARN_64_TO_32_BIT_CONVERSION = YES;
				GCC_WARN_ABOUT_RETURN_TYPE = YES_ERROR;
				GCC_WARN_UNDECLARED_SELECTOR = YES;
				GCC_WARN_UNINITIALIZED_AUTOS = YES_AGGRESSIVE;
				GCC_WARN_UNUSED_FUNCTION = YES;
				GCC_WARN_UNUSED_VARIABLE = YES;
				IPHONEOS_DEPLOYMENT_TARGET = 9.3;
				MTL_ENABLE_DEBUG_INFO = YES;
				ONLY_ACTIVE_ARCH = YES;
				SDKROOT = iphoneos;
				SWIFT_OPTIMIZATION_LEVEL = "-Onone";
				TARGETED_DEVICE_FAMILY = "1,2";
			};
			name = Debug;
		};
		E78E39D01CAE952200CF5B51 /* Release */ = {
			isa = XCBuildConfiguration;
			buildSettings = {
				ALWAYS_SEARCH_USER_PATHS = NO;
				CLANG_ANALYZER_NONNULL = YES;
				CLANG_CXX_LANGUAGE_STANDARD = "gnu++0x";
				CLANG_CXX_LIBRARY = "libc++";
				CLANG_ENABLE_MODULES = YES;
				CLANG_ENABLE_OBJC_ARC = YES;
				CLANG_WARN_BOOL_CONVERSION = YES;
				CLANG_WARN_CONSTANT_CONVERSION = YES;
				CLANG_WARN_DIRECT_OBJC_ISA_USAGE = YES_ERROR;
				CLANG_WARN_EMPTY_BODY = YES;
				CLANG_WARN_ENUM_CONVERSION = YES;
				CLANG_WARN_INT_CONVERSION = YES;
				CLANG_WARN_OBJC_ROOT_CLASS = YES_ERROR;
				CLANG_WARN_UNREACHABLE_CODE = YES;
				CLANG_WARN__DUPLICATE_METHOD_MATCH = YES;
				"CODE_SIGN_IDENTITY[sdk=iphoneos*]" = "iPhone Developer";
				COPY_PHASE_STRIP = NO;
				DEBUG_INFORMATION_FORMAT = "dwarf-with-dsym";
				ENABLE_NS_ASSERTIONS = NO;
				ENABLE_STRICT_OBJC_MSGSEND = YES;
				GCC_C_LANGUAGE_STANDARD = gnu99;
				GCC_NO_COMMON_BLOCKS = YES;
				GCC_WARN_64_TO_32_BIT_CONVERSION = YES;
				GCC_WARN_ABOUT_RETURN_TYPE = YES_ERROR;
				GCC_WARN_UNDECLARED_SELECTOR = YES;
				GCC_WARN_UNINITIALIZED_AUTOS = YES_AGGRESSIVE;
				GCC_WARN_UNUSED_FUNCTION = YES;
				GCC_WARN_UNUSED_VARIABLE = YES;
				IPHONEOS_DEPLOYMENT_TARGET = 9.3;
				MTL_ENABLE_DEBUG_INFO = NO;
				SDKROOT = iphoneos;
				TARGETED_DEVICE_FAMILY = "1,2";
				VALIDATE_PRODUCT = YES;
			};
			name = Release;
		};
		E78E39D21CAE952200CF5B51 /* Debug */ = {
			isa = XCBuildConfiguration;
			buildSettings = {
				ASSETCATALOG_COMPILER_APPICON_NAME = AppIcon;
				INFOPLIST_FILE = MyCalc/Info.plist;
				LD_RUNPATH_SEARCH_PATHS = "$(inherited) @executable_path/Frameworks";
				PRODUCT_BUNDLE_IDENTIFIER = com.yujiikebata.MyCalc;
				PRODUCT_NAME = "$(TARGET_NAME)";
			};
			name = Debug;
		};
		E78E39D31CAE952200CF5B51 /* Release */ = {
			isa = XCBuildConfiguration;
			buildSettings = {
				ASSETCATALOG_COMPILER_APPICON_NAME = AppIcon;
				INFOPLIST_FILE = MyCalc/Info.plist;
				LD_RUNPATH_SEARCH_PATHS = "$(inherited) @executable_path/Frameworks";
				PRODUCT_BUNDLE_IDENTIFIER = com.yujiikebata.MyCalc;
				PRODUCT_NAME = "$(TARGET_NAME)";
			};
			name = Release;
		};
/* End XCBuildConfiguration section */

/* Begin XCConfigurationList section */
		E78E39BA1CAE952200CF5B51 /* Build configuration list for PBXProject "MyCalc" */ = {
			isa = XCConfigurationList;
			buildConfigurations = (
				E78E39CF1CAE952200CF5B51 /* Debug */,
				E78E39D01CAE952200CF5B51 /* Release */,
			);
			defaultConfigurationIsVisible = 0;
			defaultConfigurationName = Release;
		};
		E78E39D11CAE952200CF5B51 /* Build configuration list for PBXNativeTarget "MyCalc" */ = {
			isa = XCConfigurationList;
			buildConfigurations = (
				E78E39D21CAE952200CF5B51 /* Debug */,
				E78E39D31CAE952200CF5B51 /* Release */,
			);
			defaultConfigurationIsVisible = 0;
			defaultConfigurationName = Release;
		};
/* End XCConfigurationList section */
	};
	rootObject = E78E39B71CAE952200CF5B51 /* Project object */;
}
