// !$*UTF8*$!
{
	archiveVersion = 1;
	classes = {
	};
	objectVersion = 46;
	objects = {

/* Begin PBXBuildFile section */
		E75FAD121CBE80BE0093406E /* AppDelegate.swift in Sources */ = {isa = PBXBuildFile; fileRef = E75FAD111CBE80BE0093406E /* AppDelegate.swift */; };
		E75FAD141CBE80BE0093406E /* ViewController.swift in Sources */ = {isa = PBXBuildFile; fileRef = E75FAD131CBE80BE0093406E /* ViewController.swift */; };
		E75FAD171CBE80BE0093406E /* Main.storyboard in Resources */ = {isa = PBXBuildFile; fileRef = E75FAD151CBE80BE0093406E /* Main.storyboard */; };
		E75FAD191CBE80BE0093406E /* Assets.xcassets in Resources */ = {isa = PBXBuildFile; fileRef = E75FAD181CBE80BE0093406E /* Assets.xcassets */; };
		E75FAD1C1CBE80BE0093406E /* LaunchScreen.storyboard in Resources */ = {isa = PBXBuildFile; fileRef = E75FAD1A1CBE80BE0093406E /* LaunchScreen.storyboard */; };
		E75FAD241CBE812C0093406E /* AudioToolbox.framework in Frameworks */ = {isa = PBXBuildFile; fileRef = E75FAD231CBE812C0093406E /* AudioToolbox.framework */; };
/* End PBXBuildFile section */

/* Begin PBXFileReference section */
		E75FAD0E1CBE80BE0093406E /* Quiz.app */ = {isa = PBXFileReference; explicitFileType = wrapper.application; includeInIndex = 0; path = Quiz.app; sourceTree = BUILT_PRODUCTS_DIR; };
		E75FAD111CBE80BE0093406E /* AppDelegate.swift */ = {isa = PBXFileReference; lastKnownFileType = sourcecode.swift; path = AppDelegate.swift; sourceTree = "<group>"; };
		E75FAD131CBE80BE0093406E /* ViewController.swift */ = {isa = PBXFileReference; lastKnownFileType = sourcecode.swift; path = ViewController.swift; sourceTree = "<group>"; };
		E75FAD161CBE80BE0093406E /* Base */ = {isa = PBXFileReference; lastKnownFileType = file.storyboard; name = Base; path = Base.lproj/Main.storyboard; sourceTree = "<group>"; };
		E75FAD181CBE80BE0093406E /* Assets.xcassets */ = {isa = PBXFileReference; lastKnownFileType = folder.assetcatalog; path = Assets.xcassets; sourceTree = "<group>"; };
		E75FAD1B1CBE80BE0093406E /* Base */ = {isa = PBXFileReference; lastKnownFileType = file.storyboard; name = Base; path = Base.lproj/LaunchScreen.storyboard; sourceTree = "<group>"; };
		E75FAD1D1CBE80BE0093406E /* Info.plist */ = {isa = PBXFileReference; lastKnownFileType = text.plist.xml; path = Info.plist; sourceTree = "<group>"; };
		E75FAD231CBE812C0093406E /* AudioToolbox.framework */ = {isa = PBXFileReference; lastKnownFileType = wrapper.framework; name = AudioToolbox.framework; path = System/Library/Frameworks/AudioToolbox.framework; sourceTree = SDKROOT; };
/* End PBXFileReference section */

/* Begin PBXFrameworksBuildPhase section */
		E75FAD0B1CBE80BE0093406E /* Frameworks */ = {
			isa = PBXFrameworksBuildPhase;
			buildActionMask = 2147483647;
			files = (
				E75FAD241CBE812C0093406E /* AudioToolbox.framework in Frameworks */,
			);
			runOnlyForDeploymentPostprocessing = 0;
		};
/* End PBXFrameworksBuildPhase section */

/* Begin PBXGroup section */
		E75FAD051CBE80BE0093406E = {
			isa = PBXGroup;
			children = (
				E75FAD231CBE812C0093406E /* AudioToolbox.framework */,
				E75FAD101CBE80BE0093406E /* Quiz */,
				E75FAD0F1CBE80BE0093406E /* Products */,
			);
			sourceTree = "<group>";
		};
		E75FAD0F1CBE80BE0093406E /* Products */ = {
			isa = PBXGroup;
			children = (
				E75FAD0E1CBE80BE0093406E /* Quiz.app */,
			);
			name = Products;
			sourceTree = "<group>";
		};
		E75FAD101CBE80BE0093406E /* Quiz */ = {
			isa = PBXGroup;
			children = (
				E75FAD111CBE80BE0093406E /* AppDelegate.swift */,
				E75FAD131CBE80BE0093406E /* ViewController.swift */,
				E75FAD151CBE80BE0093406E /* Main.storyboard */,
				E75FAD181CBE80BE0093406E /* Assets.xcassets */,
				E75FAD1A1CBE80BE0093406E /* LaunchScreen.storyboard */,
				E75FAD1D1CBE80BE0093406E /* Info.plist */,
			);
			path = Quiz;
			sourceTree = "<group>";
		};
/* End PBXGroup section */

/* Begin PBXNativeTarget section */
		E75FAD0D1CBE80BE0093406E /* Quiz */ = {
			isa = PBXNativeTarget;
			buildConfigurationList = E75FAD201CBE80BE0093406E /* Build configuration list for PBXNativeTarget "Quiz" */;
			buildPhases = (
				E75FAD0A1CBE80BE0093406E /* Sources */,
				E75FAD0B1CBE80BE0093406E /* Frameworks */,
				E75FAD0C1CBE80BE0093406E /* Resources */,
			);
			buildRules = (
			);
			dependencies = (
			);
			name = Quiz;
			productName = Quiz;
			productReference = E75FAD0E1CBE80BE0093406E /* Quiz.app */;
			productType = "com.apple.product-type.application";
		};
/* End PBXNativeTarget section */

/* Begin PBXProject section */
		E75FAD061CBE80BE0093406E /* Project object */ = {
			isa = PBXProject;
			attributes = {
				LastSwiftUpdateCheck = 0730;
				LastUpgradeCheck = 0730;
				ORGANIZATIONNAME = yujiikebata;
				TargetAttributes = {
					E75FAD0D1CBE80BE0093406E = {
						CreatedOnToolsVersion = 7.3;
						DevelopmentTeam = 6YS8A7DUQR;
					};
				};
			};
			buildConfigurationList = E75FAD091CBE80BE0093406E /* Build configuration list for PBXProject "Quiz" */;
			compatibilityVersion = "Xcode 3.2";
			developmentRegion = English;
			hasScannedForEncodings = 0;
			knownRegions = (
				en,
				Base,
			);
			mainGroup = E75FAD051CBE80BE0093406E;
			productRefGroup = E75FAD0F1CBE80BE0093406E /* Products */;
			projectDirPath = "";
			projectRoot = "";
			targets = (
				E75FAD0D1CBE80BE0093406E /* Quiz */,
			);
		};
/* End PBXProject section */

/* Begin PBXResourcesBuildPhase section */
		E75FAD0C1CBE80BE0093406E /* Resources */ = {
			isa = PBXResourcesBuildPhase;
			buildActionMask = 2147483647;
			files = (
				E75FAD1C1CBE80BE0093406E /* LaunchScreen.storyboard in Resources */,
				E75FAD191CBE80BE0093406E /* Assets.xcassets in Resources */,
				E75FAD171CBE80BE0093406E /* Main.storyboard in Resources */,
			);
			runOnlyForDeploymentPostprocessing = 0;
		};
/* End PBXResourcesBuildPhase section */

/* Begin PBXSourcesBuildPhase section */
		E75FAD0A1CBE80BE0093406E /* Sources */ = {
			isa = PBXSourcesBuildPhase;
			buildActionMask = 2147483647;
			files = (
				E75FAD141CBE80BE0093406E /* ViewController.swift in Sources */,
				E75FAD121CBE80BE0093406E /* AppDelegate.swift in Sources */,
			);
			runOnlyForDeploymentPostprocessing = 0;
		};
/* End PBXSourcesBuildPhase section */

/* Begin PBXVariantGroup section */
		E75FAD151CBE80BE0093406E /* Main.storyboard */ = {
			isa = PBXVariantGroup;
			children = (
				E75FAD161CBE80BE0093406E /* Base */,
			);
			name = Main.storyboard;
			sourceTree = "<group>";
		};
		E75FAD1A1CBE80BE0093406E /* LaunchScreen.storyboard */ = {
			isa = PBXVariantGroup;
			children = (
				E75FAD1B1CBE80BE0093406E /* Base */,
			);
			name = LaunchScreen.storyboard;
			sourceTree = "<group>";
		};
/* End PBXVariantGroup section */

/* Begin XCBuildConfiguration section */
		E75FAD1E1CBE80BE0093406E /* Debug */ = {
			isa = XCBuildConfiguration;
			buildSettings = {
				ALWAYS_SEARCH_USER_PATHS = NO;
				CLANG_ANALYZER_NONNULL = YES;
				CLANG_CXX_LANGUAGE_STANDARD = "gnu++0x";
				CLANG_CXX_LIBRARY = "libc++";
				CLANG_ENABLE_MODULES = YES;
				CLANG_ENABLE_OBJC_ARC = YES;
				CLANG_WARN_BOOL_CONVERSION = YES;
				CLANG_WARN_CONSTANT_CONVERSION = YES;
				CLANG_WARN_DIRECT_OBJC_ISA_USAGE = YES_ERROR;
				CLANG_WARN_EMPTY_BODY = YES;
				CLANG_WARN_ENUM_CONVERSION = YES;
				CLANG_WARN_INT_CONVERSION = YES;
				CLANG_WARN_OBJC_ROOT_CLASS = YES_ERROR;
				CLANG_WARN_UNREACHABLE_CODE = YES;
				CLANG_WARN__DUPLICATE_METHOD_MATCH = YES;
				"CODE_SIGN_IDENTITY[sdk=iphoneos*]" = "iPhone Developer";
				COPY_PHASE_STRIP = NO;
				DEBUG_INFORMATION_FORMAT = dwarf;
				ENABLE_STRICT_OBJC_MSGSEND = YES;
				ENABLE_TESTABILITY = YES;
				GCC_C_LANGUAGE_STANDARD = gnu99;
				GCC_DYNAMIC_NO_PIC = NO;
				GCC_NO_COMMON_BLOCKS = YES;
				GCC_OPTIMIZATION_LEVEL = 0;
				GCC_PREPROCESSOR_DEFINITIONS = (
					"DEBUG=1",
					"$(inherited)",
				);
				GCC_WARN_64_TO_32_BIT_CONVERSION = YES;
				GCC_WARN_ABOUT_RETURN_TYPE = YES_ERROR;
				GCC_WARN_UNDECLARED_SELECTOR = YES;
				GCC_WARN_UNINITIALIZED_AUTOS = YES_AGGRESSIVE;
				GCC_WARN_UNUSED_FUNCTION = YES;
				GCC_WARN_UNUSED_VARIABLE = YES;
				IPHONEOS_DEPLOYMENT_TARGET = 9.3;
				MTL_ENABLE_DEBUG_INFO = YES;
				ONLY_ACTIVE_ARCH = YES;
				SDKROOT = iphoneos;
				SWIFT_OPTIMIZATION_LEVEL = "-Onone";
				TARGETED_DEVICE_FAMILY = "1,2";
			};
			name = Debug;
		};
		E75FAD1F1CBE80BE0093406E /* Release */ = {
			isa = XCBuildConfiguration;
			buildSettings = {
				ALWAYS_SEARCH_USER_PATHS = NO;
				CLANG_ANALYZER_NONNULL = YES;
				CLANG_CXX_LANGUAGE_STANDARD = "gnu++0x";
				CLANG_CXX_LIBRARY = "libc++";
				CLANG_ENABLE_MODULES = YES;
				CLANG_ENABLE_OBJC_ARC = YES;
				CLANG_WARN_BOOL_CONVERSION = YES;
				CLANG_WARN_CONSTANT_CONVERSION = YES;
				CLANG_WARN_DIRECT_OBJC_ISA_USAGE = YES_ERROR;
				CLANG_WARN_EMPTY_BODY = YES;
				CLANG_WARN_ENUM_CONVERSION = YES;
				CLANG_WARN_INT_CONVERSION = YES;
				CLANG_WARN_OBJC_ROOT_CLASS = YES_ERROR;
				CLANG_WARN_UNREACHABLE_CODE = YES;
				CLANG_WARN__DUPLICATE_METHOD_MATCH = YES;
				"CODE_SIGN_IDENTITY[sdk=iphoneos*]" = "iPhone Developer";
				COPY_PHASE_STRIP = NO;
				DEBUG_INFORMATION_FORMAT = "dwarf-with-dsym";
				ENABLE_NS_ASSERTIONS = NO;
				ENABLE_STRICT_OBJC_MSGSEND = YES;
				GCC_C_LANGUAGE_STANDARD = gnu99;
				GCC_NO_COMMON_BLOCKS = YES;
				GCC_WARN_64_TO_32_BIT_CONVERSION = YES;
				GCC_WARN_ABOUT_RETURN_TYPE = YES_ERROR;
				GCC_WARN_UNDECLARED_SELECTOR = YES;
				GCC_WARN_UNINITIALIZED_AUTOS = YES_AGGRESSIVE;
				GCC_WARN_UNUSED_FUNCTION = YES;
				GCC_WARN_UNUSED_VARIABLE = YES;
				IPHONEOS_DEPLOYMENT_TARGET = 9.3;
				MTL_ENABLE_DEBUG_INFO = NO;
				SDKROOT = iphoneos;
				TARGETED_DEVICE_FAMILY = "1,2";
				VALIDATE_PRODUCT = YES;
			};
			name = Release;
		};
		E75FAD211CBE80BE0093406E /* Debug */ = {
			isa = XCBuildConfiguration;
			buildSettings = {
				ASSETCATALOG_COMPILER_APPICON_NAME = AppIcon;
				INFOPLIST_FILE = Quiz/Info.plist;
				LD_RUNPATH_SEARCH_PATHS = "$(inherited) @executable_path/Frameworks";
				PRODUCT_BUNDLE_IDENTIFIER = com.yujiikebata.Quiz;
				PRODUCT_NAME = "$(TARGET_NAME)";
			};
			name = Debug;
		};
		E75FAD221CBE80BE0093406E /* Release */ = {
			isa = XCBuildConfiguration;
			buildSettings = {
				ASSETCATALOG_COMPILER_APPICON_NAME = AppIcon;
				INFOPLIST_FILE = Quiz/Info.plist;
				LD_RUNPATH_SEARCH_PATHS = "$(inherited) @executable_path/Frameworks";
				PRODUCT_BUNDLE_IDENTIFIER = com.yujiikebata.Quiz;
				PRODUCT_NAME = "$(TARGET_NAME)";
			};
			name = Release;
		};
/* End XCBuildConfiguration section */

/* Begin XCConfigurationList section */
		E75FAD091CBE80BE0093406E /* Build configuration list for PBXProject "Quiz" */ = {
			isa = XCConfigurationList;
			buildConfigurations = (
				E75FAD1E1CBE80BE0093406E /* Debug */,
				E75FAD1F1CBE80BE0093406E /* Release */,
			);
			defaultConfigurationIsVisible = 0;
			defaultConfigurationName = Release;
		};
		E75FAD201CBE80BE0093406E /* Build configuration list for PBXNativeTarget "Quiz" */ = {
			isa = XCConfigurationList;
			buildConfigurations = (
				E75FAD211CBE80BE0093406E /* Debug */,
				E75FAD221CBE80BE0093406E /* Release */,
			);
			defaultConfigurationIsVisible = 0;
		};
/* End XCConfigurationList section */
	};
	rootObject = E75FAD061CBE80BE0093406E /* Project object */;
}
